
Microsoft Visual Studio Solution File, Format Version 12.00
# Visual Studio Version 17
VisualStudioVersion = 17.11.35222.181
MinimumVisualStudioVersion = 10.0.40219.1
Project("{9A19103F-16F7-4668-BE54-9A1E7A4F7556}") = "lr5_1", "lr5_1\lr5_1.csproj", "{36AB154E-B0FC-4C51-A4C6-239A31FD2893}"
EndProject
Global
	GlobalSection(SolutionConfigurationPlatforms) = preSolution
		Debug|Any CPU = Debug|Any CPU
		Release|Any CPU = Release|Any CPU
	EndGlobalSection
	GlobalSection(ProjectConfigurationPlatforms) = postSolution
		{36AB154E-B0FC-4C51-A4C6-239A31FD2893}.Debug|Any CPU.ActiveCfg = Debug|Any CPU
		{36AB154E-B0FC-4C51-A4C6-239A31FD2893}.Debug|Any CPU.Build.0 = Debug|Any CPU
		{36AB154E-B0FC-4C51-A4C6-239A31FD2893}.Release|Any CPU.ActiveCfg = Release|Any CPU
		{36AB154E-B0FC-4C51-A4C6-239A31FD2893}.Release|Any CPU.Build.0 = Release|Any CPU
	EndGlobalSection
	GlobalSection(SolutionProperties) = preSolution
		HideSolutionNode = FALSE
	EndGlobalSection
	GlobalSection(ExtensibilityGlobals) = postSolution
		SolutionGuid = {A2A26E40-AA26-4AE5-8BE9-31609761647F}
	EndGlobalSection
EndGlobal
